
Microsoft Visual Studio Solution File, Format Version 12.00
# Visual Studio Version 16
VisualStudioVersion = 16.0.28803.202
MinimumVisualStudioVersion = 10.0.40219.1
Project("{FAE04EC0-301F-11D3-BF4B-00C04F79EFBC}") = "SportsStore.Domain", "SportsStore.Domain\SportsStore.Domain.csproj", "{3C9FAF66-CE61-4D89-A580-149ACD61BFA7}"
EndProject
Project("{FAE04EC0-301F-11D3-BF4B-00C04F79EFBC}") = "SportsStore.WebUI", "SportsStore.WebUI\SportsStore.WebUI.csproj", "{C5D726D4-8ECB-434C-A6E1-611DBCA0FF68}"
EndProject
Project("{FAE04EC0-301F-11D3-BF4B-00C04F79EFBC}") = "SportsStore.UnitTests", "SportsStore.UnitTests\SportsStore.UnitTests.csproj", "{6B0E92A7-C892-4883-9E15-D9E76164F920}"
EndProject
Global
	GlobalSection(SolutionConfigurationPlatforms) = preSolution
		Debug|Any CPU = Debug|Any CPU
		Release|Any CPU = Release|Any CPU
	EndGlobalSection
	GlobalSection(ProjectConfigurationPlatforms) = postSolution
		{3C9FAF66-CE61-4D89-A580-149ACD61BFA7}.Debug|Any CPU.ActiveCfg = Debug|Any CPU
		{3C9FAF66-CE61-4D89-A580-149ACD61BFA7}.Debug|Any CPU.Build.0 = Debug|Any CPU
		{3C9FAF66-CE61-4D89-A580-149ACD61BFA7}.Release|Any CPU.ActiveCfg = Release|Any CPU
		{3C9FAF66-CE61-4D89-A580-149ACD61BFA7}.Release|Any CPU.Build.0 = Release|Any CPU
		{C5D726D4-8ECB-434C-A6E1-611DBCA0FF68}.Debug|Any CPU.ActiveCfg = Debug|Any CPU
		{C5D726D4-8ECB-434C-A6E1-611DBCA0FF68}.Debug|Any CPU.Build.0 = Debug|Any CPU
		{C5D726D4-8ECB-434C-A6E1-611DBCA0FF68}.Release|Any CPU.ActiveCfg = Release|Any CPU
		{C5D726D4-8ECB-434C-A6E1-611DBCA0FF68}.Release|Any CPU.Build.0 = Release|Any CPU
		{6B0E92A7-C892-4883-9E15-D9E76164F920}.Debug|Any CPU.ActiveCfg = Debug|Any CPU
		{6B0E92A7-C892-4883-9E15-D9E76164F920}.Debug|Any CPU.Build.0 = Debug|Any CPU
		{6B0E92A7-C892-4883-9E15-D9E76164F920}.Release|Any CPU.ActiveCfg = Release|Any CPU
		{6B0E92A7-C892-4883-9E15-D9E76164F920}.Release|Any CPU.Build.0 = Release|Any CPU
	EndGlobalSection
	GlobalSection(SolutionProperties) = preSolution
		HideSolutionNode = FALSE
	EndGlobalSection
	GlobalSection(ExtensibilityGlobals) = postSolution
		SolutionGuid = {C27B4E86-071E-4A79-B361-B23BD9D9705E}
	EndGlobalSection
EndGlobal
